// !$*UTF8*$!
{
	archiveVersion = 1;
	classes = {
	};
	objectVersion = 46;
	objects = {

/* Begin PBXCopyFilesBuildPhase section */
		54DA1E141CCFBE5600D5F84D /* CopyFiles */ = {
			isa = PBXCopyFilesBuildPhase;
			buildActionMask = 2147483647;
			dstPath = "include/$(PRODUCT_NAME)";
			dstSubfolderSpec = 16;
			files = (
			);
			runOnlyForDeploymentPostprocessing = 0;
		};
/* End PBXCopyFilesBuildPhase section */

/* Begin PBXFileReference section */
		545259C61CCFB5B2009C285E /* Info.plist */ = {isa = PBXFileReference; lastKnownFileType = text.plist.xml; path = Info.plist; sourceTree = "<group>"; };
		54DA1E051CCFB91E00D5F84D /* libPendo.a */ = {isa = PBXFileReference; lastKnownFileType = archive.ar; path = libPendo.a; sourceTree = "<group>"; };
		54DA1E071CCFBA0600D5F84D /* PDOAccount.h */ = {isa = PBXFileReference; fileEncoding = 4; lastKnownFileType = sourcecode.c.h; path = PDOAccount.h; sourceTree = "<group>"; };
		54DA1E081CCFBA0600D5F84D /* PDOEnvironment.h */ = {isa = PBXFileReference; fileEncoding = 4; lastKnownFileType = sourcecode.c.h; path = PDOEnvironment.h; sourceTree = "<group>"; };
		54DA1E091CCFBA0600D5F84D /* PDOSerialize.h */ = {isa = PBXFileReference; fileEncoding = 4; lastKnownFileType = sourcecode.c.h; path = PDOSerialize.h; sourceTree = "<group>"; };
		54DA1E0A1CCFBA0600D5F84D /* PDOVisitor.h */ = {isa = PBXFileReference; fileEncoding = 4; lastKnownFileType = sourcecode.c.h; path = PDOVisitor.h; sourceTree = "<group>"; };
		54DA1E0B1CCFBA0600D5F84D /* Pendo.h */ = {isa = PBXFileReference; fileEncoding = 4; lastKnownFileType = sourcecode.c.h; path = Pendo.h; sourceTree = "<group>"; };
		54DA1E161CCFBE5600D5F84D /* liblibPendoE.a */ = {isa = PBXFileReference; explicitFileType = archive.ar; includeInIndex = 0; path = liblibPendoE.a; sourceTree = BUILT_PRODUCTS_DIR; };
		54DA1E1F1CCFC14500D5F84D /* PendoE.podspec */ = {isa = PBXFileReference; fileEncoding = 4; lastKnownFileType = text; path = PendoE.podspec; sourceTree = "<group>"; };
/* End PBXFileReference section */

/* Begin PBXFrameworksBuildPhase section */
		54DA1E131CCFBE5600D5F84D /* Frameworks */ = {
			isa = PBXFrameworksBuildPhase;
			buildActionMask = 2147483647;
			files = (
			);
			runOnlyForDeploymentPostprocessing = 0;
		};
/* End PBXFrameworksBuildPhase section */

/* Begin PBXGroup section */
		545259B71CCFB5B2009C285E = {
			isa = PBXGroup;
			children = (
				54DA1E1F1CCFC14500D5F84D /* PendoE.podspec */,
				545259C31CCFB5B2009C285E /* pendoexternal */,
				545259C21CCFB5B2009C285E /* Products */,
			);
			sourceTree = "<group>";
		};
		545259C21CCFB5B2009C285E /* Products */ = {
			isa = PBXGroup;
			children = (
				54DA1E161CCFBE5600D5F84D /* liblibPendoE.a */,
			);
			name = Products;
			sourceTree = "<group>";
		};
		545259C31CCFB5B2009C285E /* pendoexternal */ = {
			isa = PBXGroup;
			children = (
				54DA1E071CCFBA0600D5F84D /* PDOAccount.h */,
				54DA1E081CCFBA0600D5F84D /* PDOEnvironment.h */,
				54DA1E091CCFBA0600D5F84D /* PDOSerialize.h */,
				54DA1E0A1CCFBA0600D5F84D /* PDOVisitor.h */,
				54DA1E0B1CCFBA0600D5F84D /* Pendo.h */,
				54DA1E051CCFB91E00D5F84D /* libPendo.a */,
				545259C61CCFB5B2009C285E /* Info.plist */,
			);
			path = pendoexternal;
			sourceTree = "<group>";
		};
/* End PBXGroup section */

/* Begin PBXNativeTarget section */
		54DA1E151CCFBE5600D5F84D /* libPendoE */ = {
			isa = PBXNativeTarget;
			buildConfigurationList = 54DA1E1C1CCFBE5600D5F84D /* Build configuration list for PBXNativeTarget "libPendoE" */;
			buildPhases = (
				54DA1E121CCFBE5600D5F84D /* Sources */,
				54DA1E131CCFBE5600D5F84D /* Frameworks */,
				54DA1E141CCFBE5600D5F84D /* CopyFiles */,
			);
			buildRules = (
			);
			dependencies = (
			);
			name = libPendoE;
			productName = libPendoE;
			productReference = 54DA1E161CCFBE5600D5F84D /* liblibPendoE.a */;
			productType = "com.apple.product-type.library.static";
		};
/* End PBXNativeTarget section */

/* Begin PBXProject section */
		545259B81CCFB5B2009C285E /* Project object */ = {
			isa = PBXProject;
			attributes = {
				LastUpgradeCheck = 0730;
				ORGANIZATIONNAME = Pendo;
				TargetAttributes = {
					54DA1E151CCFBE5600D5F84D = {
						CreatedOnToolsVersion = 7.3;
					};
				};
			};
			buildConfigurationList = 545259BB1CCFB5B2009C285E /* Build configuration list for PBXProject "pendoexternal" */;
			compatibilityVersion = "Xcode 3.2";
			developmentRegion = English;
			hasScannedForEncodings = 0;
			knownRegions = (
				en,
			);
			mainGroup = 545259B71CCFB5B2009C285E;
			productRefGroup = 545259C21CCFB5B2009C285E /* Products */;
			projectDirPath = "";
			projectRoot = "";
			targets = (
				54DA1E151CCFBE5600D5F84D /* libPendoE */,
			);
		};
/* End PBXProject section */

/* Begin PBXSourcesBuildPhase section */
		54DA1E121CCFBE5600D5F84D /* Sources */ = {
			isa = PBXSourcesBuildPhase;
			buildActionMask = 2147483647;
			files = (
			);
			runOnlyForDeploymentPostprocessing = 0;
		};
/* End PBXSourcesBuildPhase section */

/* Begin XCBuildConfiguration section */
		545259C71CCFB5B2009C285E /* Debug */ = {
			isa = XCBuildConfiguration;
			buildSettings = {
				ALWAYS_SEARCH_USER_PATHS = NO;
				CLANG_ANALYZER_NONNULL = YES;
				CLANG_CXX_LANGUAGE_STANDARD = "gnu++0x";
				CLANG_CXX_LIBRARY = "libc++";
				CLANG_ENABLE_MODULES = YES;
				CLANG_ENABLE_OBJC_ARC = YES;
				CLANG_WARN_BOOL_CONVERSION = YES;
				CLANG_WARN_CONSTANT_CONVERSION = YES;
				CLANG_WARN_DIRECT_OBJC_ISA_USAGE = YES_ERROR;
				CLANG_WARN_EMPTY_BODY = YES;
				CLANG_WARN_ENUM_CONVERSION = YES;
				CLANG_WARN_INT_CONVERSION = YES;
				CLANG_WARN_OBJC_ROOT_CLASS = YES_ERROR;
				CLANG_WARN_UNREACHABLE_CODE = YES;
				CLANG_WARN__DUPLICATE_METHOD_MATCH = YES;
				"CODE_SIGN_IDENTITY[sdk=iphoneos*]" = "iPhone Developer";
				COPY_PHASE_STRIP = NO;
				CURRENT_PROJECT_VERSION = 1;
				DEBUG_INFORMATION_FORMAT = dwarf;
				ENABLE_STRICT_OBJC_MSGSEND = YES;
				ENABLE_TESTABILITY = YES;
				GCC_C_LANGUAGE_STANDARD = gnu99;
				GCC_DYNAMIC_NO_PIC = NO;
				GCC_NO_COMMON_BLOCKS = YES;
				GCC_OPTIMIZATION_LEVEL = 0;
				GCC_PREPROCESSOR_DEFINITIONS = (
					"DEBUG=1",
					"$(inherited)",
				);
				GCC_WARN_64_TO_32_BIT_CONVERSION = YES;
				GCC_WARN_ABOUT_RETURN_TYPE = YES_ERROR;
				GCC_WARN_UNDECLARED_SELECTOR = YES;
				GCC_WARN_UNINITIALIZED_AUTOS = YES_AGGRESSIVE;
				GCC_WARN_UNUSED_FUNCTION = YES;
				GCC_WARN_UNUSED_VARIABLE = YES;
				IPHONEOS_DEPLOYMENT_TARGET = 8.0;
				MTL_ENABLE_DEBUG_INFO = YES;
				ONLY_ACTIVE_ARCH = YES;
				SDKROOT = iphoneos;
				TARGETED_DEVICE_FAMILY = "1,2";
				VERSIONING_SYSTEM = "apple-generic";
				VERSION_INFO_PREFIX = "";
			};
			name = Debug;
		};
		545259C81CCFB5B2009C285E /* Release */ = {
			isa = XCBuildConfiguration;
			buildSettings = {
				ALWAYS_SEARCH_USER_PATHS = NO;
				CLANG_ANALYZER_NONNULL = YES;
				CLANG_CXX_LANGUAGE_STANDARD = "gnu++0x";
				CLANG_CXX_LIBRARY = "libc++";
				CLANG_ENABLE_MODULES = YES;
				CLANG_ENABLE_OBJC_ARC = YES;
				CLANG_WARN_BOOL_CONVERSION = YES;
				CLANG_WARN_CONSTANT_CONVERSION = YES;
				CLANG_WARN_DIRECT_OBJC_ISA_USAGE = YES_ERROR;
				CLANG_WARN_EMPTY_BODY = YES;
				CLANG_WARN_ENUM_CONVERSION = YES;
				CLANG_WARN_INT_CONVERSION = YES;
				CLANG_WARN_OBJC_ROOT_CLASS = YES_ERROR;
				CLANG_WARN_UNREACHABLE_CODE = YES;
				CLANG_WARN__DUPLICATE_METHOD_MATCH = YES;
				"CODE_SIGN_IDENTITY[sdk=iphoneos*]" = "iPhone Developer";
				COPY_PHASE_STRIP = NO;
				CURRENT_PROJECT_VERSION = 1;
				DEBUG_INFORMATION_FORMAT = "dwarf-with-dsym";
				ENABLE_NS_ASSERTIONS = NO;
				ENABLE_STRICT_OBJC_MSGSEND = YES;
				GCC_C_LANGUAGE_STANDARD = gnu99;
				GCC_NO_COMMON_BLOCKS = YES;
				GCC_WARN_64_TO_32_BIT_CONVERSION = YES;
				GCC_WARN_ABOUT_RETURN_TYPE = YES_ERROR;
				GCC_WARN_UNDECLARED_SELECTOR = YES;
				GCC_WARN_UNINITIALIZED_AUTOS = YES_AGGRESSIVE;
				GCC_WARN_UNUSED_FUNCTION = YES;
				GCC_WARN_UNUSED_VARIABLE = YES;
				IPHONEOS_DEPLOYMENT_TARGET = 8.0;
				MTL_ENABLE_DEBUG_INFO = NO;
				SDKROOT = iphoneos;
				TARGETED_DEVICE_FAMILY = "1,2";
				VALIDATE_PRODUCT = YES;
				VERSIONING_SYSTEM = "apple-generic";
				VERSION_INFO_PREFIX = "";
			};
			name = Release;
		};
		54DA1E1D1CCFBE5600D5F84D /* Debug */ = {
			isa = XCBuildConfiguration;
			buildSettings = {
				MODULEMAP_FILE = module.map;
				OTHER_LDFLAGS = "-ObjC";
				PRODUCT_NAME = "$(TARGET_NAME)";
				SKIP_INSTALL = YES;
			};
			name = Debug;
		};
		54DA1E1E1CCFBE5600D5F84D /* Release */ = {
			isa = XCBuildConfiguration;
			buildSettings = {
				MODULEMAP_FILE = module.map;
				OTHER_LDFLAGS = "-ObjC";
				PRODUCT_NAME = "$(TARGET_NAME)";
				SKIP_INSTALL = YES;
			};
			name = Release;
		};
/* End XCBuildConfiguration section */

/* Begin XCConfigurationList section */
		545259BB1CCFB5B2009C285E /* Build configuration list for PBXProject "pendoexternal" */ = {
			isa = XCConfigurationList;
			buildConfigurations = (
				545259C71CCFB5B2009C285E /* Debug */,
				545259C81CCFB5B2009C285E /* Release */,
			);
			defaultConfigurationIsVisible = 0;
			defaultConfigurationName = Release;
		};
		54DA1E1C1CCFBE5600D5F84D /* Build configuration list for PBXNativeTarget "libPendoE" */ = {
			isa = XCConfigurationList;
			buildConfigurations = (
				54DA1E1D1CCFBE5600D5F84D /* Debug */,
				54DA1E1E1CCFBE5600D5F84D /* Release */,
			);
			defaultConfigurationIsVisible = 0;
		};
/* End XCConfigurationList section */
	};
	rootObject = 545259B81CCFB5B2009C285E /* Project object */;
}
